{
  "name": "ai-coding-environment",
  "version": "0.1.0",
  "lockfileVersion": 3,
  "requires": true,
  "packages": {
    "": {
      "name": "ai-coding-environment",
      "version": "0.1.0",
      "license": "Apache-2.0",
      "workspaces": [
        "apps/*",
        "packages/*"
      ],
      "engines": {
        "node": ">=22.18.0"
      }
    },
    "apps/cli": {
      "name": "@ai-coding-env/cli",
      "version": "0.1.0",
      "bin": {
        "aice": "src/cli.ts"
      }
    },
    "node_modules/@ai-coding-env/agents": {
      "resolved": "packages/agents",
      "link": true
    },
    "node_modules/@ai-coding-env/cli": {
      "resolved": "apps/cli",
      "link": true
    },
    "node_modules/@ai-coding-env/context": {
      "resolved": "packages/context",
      "link": true
    },
    "node_modules/@ai-coding-env/core": {
      "resolved": "packages/core",
      "link": true
    },
    "node_modules/@ai-coding-env/git": {
      "resolved": "packages/git",
      "link": true
    },
    "node_modules/@ai-coding-env/mcp": {
      "resolved": "packages/mcp",
      "link": true
    },
    "node_modules/@ai-coding-env/orchestrator": {
      "resolved": "packages/orchestrator",
      "link": true
    },
    "node_modules/@ai-coding-env/policy": {
      "resolved": "packages/policy",
      "link": true
    },
    "node_modules/@ai-coding-env/providers": {
      "resolved": "packages/providers",
      "link": true
    },
    "node_modules/@ai-coding-env/secrets": {
      "resolved": "packages/secrets",
      "link": true
    },
    "node_modules/@ai-coding-env/security": {
      "resolved": "packages/security",
      "link": true
    },
    "node_modules/@ai-coding-env/storage": {
      "resolved": "packages/storage",
      "link": true
    },
    "node_modules/@ai-coding-env/tools": {
      "resolved": "packages/tools",
      "link": true
    },
    "node_modules/@ai-coding-env/ui": {
      "resolved": "packages/ui",
      "link": true
    },
    "packages/agents": {
      "name": "@ai-coding-env/agents",
      "version": "0.1.0"
    },
    "packages/context": {
      "name": "@ai-coding-env/context",
      "version": "0.1.0"
    },
    "packages/core": {
      "name": "@ai-coding-env/core",
      "version": "0.1.0"
    },
    "packages/git": {
      "name": "@ai-coding-env/git",
      "version": "0.1.0"
    },
    "packages/mcp": {
      "name": "@ai-coding-env/mcp",
      "version": "0.1.0"
    },
    "packages/orchestrator": {
      "name": "@ai-coding-env/orchestrator",
      "version": "0.1.0"
    },
    "packages/policy": {
      "name": "@ai-coding-env/policy",
      "version": "0.1.0"
    },
    "packages/providers": {
      "name": "@ai-coding-env/providers",
      "version": "0.1.0"
    },
    "packages/secrets": {
      "name": "@ai-coding-env/secrets",
      "version": "0.1.0"
    },
    "packages/security": {
      "name": "@ai-coding-env/security",
      "version": "0.1.0"
    },
    "packages/storage": {
      "name": "@ai-coding-env/storage",
      "version": "0.1.0"
    },
    "packages/tools": {
      "name": "@ai-coding-env/tools",
      "version": "0.1.0"
    },
    "packages/ui": {
      "name": "@ai-coding-env/ui",
      "version": "0.1.0"
    }
  }
}
