{
  "name": "ai-coding-environment",
  "version": "0.3.0",
  "lockfileVersion": 3,
  "requires": true,
  "packages": {
    "": {
      "name": "ai-coding-environment",
      "version": "0.3.0",
      "license": "Apache-2.0",
      "workspaces": [
        "apps/*",
        "packages/*"
      ],
      "devDependencies": {
        "@types/node": "22.20.3",
        "typescript": "5.9.3"
      },
      "engines": {
        "node": ">=22.18.0"
      }
    },
    "apps/cli": {
      "name": "@ai-coding-env/cli",
      "version": "0.3.0",
      "bin": {
        "aice": "src/cli.ts"
      }
    },
    "node_modules/@ai-coding-env/agents": {
      "resolved": "packages/agents",
      "link": true
    },
    "node_modules/@ai-coding-env/cli": {
      "resolved": "apps/cli",
      "link": true
    },
    "node_modules/@ai-coding-env/context": {
      "resolved": "packages/context",
      "link": true
    },
    "node_modules/@ai-coding-env/core": {
      "resolved": "packages/core",
      "link": true
    },
    "node_modules/@ai-coding-env/git": {
      "resolved": "packages/git",
      "link": true
    },
    "node_modules/@ai-coding-env/mcp": {
      "resolved": "packages/mcp",
      "link": true
    },
    "node_modules/@ai-coding-env/orchestrator": {
      "resolved": "packages/orchestrator",
      "link": true
    },
    "node_modules/@ai-coding-env/policy": {
      "resolved": "packages/policy",
      "link": true
    },
    "node_modules/@ai-coding-env/providers": {
      "resolved": "packages/providers",
      "link": true
    },
    "node_modules/@ai-coding-env/secrets": {
      "resolved": "packages/secrets",
      "link": true
    },
    "node_modules/@ai-coding-env/security": {
      "resolved": "packages/security",
      "link": true
    },
    "node_modules/@ai-coding-env/storage": {
      "resolved": "packages/storage",
      "link": true
    },
    "node_modules/@ai-coding-env/tools": {
      "resolved": "packages/tools",
      "link": true
    },
    "node_modules/@ai-coding-env/ui": {
      "resolved": "packages/ui",
      "link": true
    },
    "node_modules/@types/node": {
      "version": "22.20.3",
      "resolved": "https://registry.npmjs.org/@types/node/-/node-22.20.3.tgz",
      "integrity": "sha512-DZmzkmwHzXrLPAXPyKNDzlIwMMUZCVacoD25ywdy5YTKGbOx/2ld+Q38Im2zJ0vBuZP5Prd3VZutKZyXwkOS8A==",
      "dev": true,
      "license": "MIT",
      "dependencies": {
        "undici-types": "~6.21.0"
      }
    },
    "node_modules/typescript": {
      "version": "5.9.3",
      "resolved": "https://registry.npmjs.org/typescript/-/typescript-5.9.3.tgz",
      "integrity": "sha512-jl1vZzPDinLr9eUt3J/t7V6FgNEw9QjvBPdysz9KfQDD41fQrC2Y4vKQdiaUpFT4bXlb1RHhLpp8wtm6M5TgSw==",
      "dev": true,
      "license": "Apache-2.0",
      "bin": {
        "tsc": "bin/tsc",
        "tsserver": "bin/tsserver"
      },
      "engines": {
        "node": ">=14.17"
      }
    },
    "node_modules/undici-types": {
      "version": "6.21.0",
      "resolved": "https://registry.npmjs.org/undici-types/-/undici-types-6.21.0.tgz",
      "integrity": "sha512-iwDZqg0QAGrg9Rav5H4n0M64c3mkR59cJ6wQp+7C4nI0gsmExaedaYLNO44eT4AtBBwjbTiGPMlt2Md0T9H9JQ==",
      "dev": true,
      "license": "MIT"
    },
    "packages/agents": {
      "name": "@ai-coding-env/agents",
      "version": "0.3.0"
    },
    "packages/context": {
      "name": "@ai-coding-env/context",
      "version": "0.3.0"
    },
    "packages/core": {
      "name": "@ai-coding-env/core",
      "version": "0.3.0"
    },
    "packages/git": {
      "name": "@ai-coding-env/git",
      "version": "0.3.0"
    },
    "packages/mcp": {
      "name": "@ai-coding-env/mcp",
      "version": "0.3.0"
    },
    "packages/orchestrator": {
      "name": "@ai-coding-env/orchestrator",
      "version": "0.3.0"
    },
    "packages/policy": {
      "name": "@ai-coding-env/policy",
      "version": "0.3.0"
    },
    "packages/providers": {
      "name": "@ai-coding-env/providers",
      "version": "0.3.0"
    },
    "packages/secrets": {
      "name": "@ai-coding-env/secrets",
      "version": "0.3.0"
    },
    "packages/security": {
      "name": "@ai-coding-env/security",
      "version": "0.3.0"
    },
    "packages/storage": {
      "name": "@ai-coding-env/storage",
      "version": "0.3.0"
    },
    "packages/tools": {
      "name": "@ai-coding-env/tools",
      "version": "0.3.0"
    },
    "packages/ui": {
      "name": "@ai-coding-env/ui",
      "version": "0.3.0"
    }
  }
}
